// !$*UTF8*$!
{
	archiveVersion = 1;
	classes = {
	};
	objectVersion = 46;
	objects = {

/* Begin PBXBuildFile section */
		A39A720715A8207A00F180C7 /* UIKit.framework in Frameworks */ = {isa = PBXBuildFile; fileRef = A39A720615A8207A00F180C7 /* UIKit.framework */; };
		A39A720915A8207A00F180C7 /* Foundation.framework in Frameworks */ = {isa = PBXBuildFile; fileRef = A39A720815A8207A00F180C7 /* Foundation.framework */; };
		A39A720B15A8207A00F180C7 /* CoreGraphics.framework in Frameworks */ = {isa = PBXBuildFile; fileRef = A39A720A15A8207A00F180C7 /* CoreGraphics.framework */; };
		A39A721115A8207A00F180C7 /* InfoPlist.strings in Resources */ = {isa = PBXBuildFile; fileRef = A39A720F15A8207A00F180C7 /* InfoPlist.strings */; };
		A39A721315A8207A00F180C7 /* main.m in Sources */ = {isa = PBXBuildFile; fileRef = A39A721215A8207A00F180C7 /* main.m */; };
		A39A721715A8207A00F180C7 /* AppDelegate.m in Sources */ = {isa = PBXBuildFile; fileRef = A39A721615A8207A00F180C7 /* AppDelegate.m */; };
		A39A721A15A8207A00F180C7 /* ViewController.m in Sources */ = {isa = PBXBuildFile; fileRef = A39A721915A8207A00F180C7 /* ViewController.m */; };
		A39A721D15A8207A00F180C7 /* ViewController.xib in Resources */ = {isa = PBXBuildFile; fileRef = A39A721B15A8207A00F180C7 /* ViewController.xib */; };
		A39A722B15A820CA00F180C7 /* LUFoldableView.m in Sources */ = {isa = PBXBuildFile; fileRef = A39A722615A820CA00F180C7 /* LUFoldableView.m */; };
		A39A722C15A820CA00F180C7 /* LUFoldSegmentLayer.m in Sources */ = {isa = PBXBuildFile; fileRef = A39A722815A820CA00F180C7 /* LUFoldSegmentLayer.m */; };
		A39A722D15A820CA00F180C7 /* LUImageHelper.m in Sources */ = {isa = PBXBuildFile; fileRef = A39A722A15A820CA00F180C7 /* LUImageHelper.m */; };
		A39A723315A8232900F180C7 /* QuartzCore.framework in Frameworks */ = {isa = PBXBuildFile; fileRef = A39A723215A8232900F180C7 /* QuartzCore.framework */; };
		A39A723A15A8266A00F180C7 /* 2.png in Resources */ = {isa = PBXBuildFile; fileRef = A39A723815A8266A00F180C7 /* 2.png */; };
		A39A723B15A8266A00F180C7 /* 1.png in Resources */ = {isa = PBXBuildFile; fileRef = A39A723915A8266A00F180C7 /* 1.png */; };
		A39A723D15A8274000F180C7 /* folding.png in Resources */ = {isa = PBXBuildFile; fileRef = A39A723C15A8274000F180C7 /* folding.png */; };
/* End PBXBuildFile section */

/* Begin PBXFileReference section */
		A39A720215A8207A00F180C7 /* LUFoldableView.app */ = {isa = PBXFileReference; explicitFileType = wrapper.application; includeInIndex = 0; path = LUFoldableView.app; sourceTree = BUILT_PRODUCTS_DIR; };
		A39A720615A8207A00F180C7 /* UIKit.framework */ = {isa = PBXFileReference; lastKnownFileType = wrapper.framework; name = UIKit.framework; path = System/Library/Frameworks/UIKit.framework; sourceTree = SDKROOT; };
		A39A720815A8207A00F180C7 /* Foundation.framework */ = {isa = PBXFileReference; lastKnownFileType = wrapper.framework; name = Foundation.framework; path = System/Library/Frameworks/Foundation.framework; sourceTree = SDKROOT; };
		A39A720A15A8207A00F180C7 /* CoreGraphics.framework */ = {isa = PBXFileReference; lastKnownFileType = wrapper.framework; name = CoreGraphics.framework; path = System/Library/Frameworks/CoreGraphics.framework; sourceTree = SDKROOT; };
		A39A720E15A8207A00F180C7 /* LUFoldableView-Info.plist */ = {isa = PBXFileReference; lastKnownFileType = text.plist.xml; path = "LUFoldableView-Info.plist"; sourceTree = "<group>"; };
		A39A721015A8207A00F180C7 /* en */ = {isa = PBXFileReference; lastKnownFileType = text.plist.strings; name = en; path = en.lproj/InfoPlist.strings; sourceTree = "<group>"; };
		A39A721215A8207A00F180C7 /* main.m */ = {isa = PBXFileReference; lastKnownFileType = sourcecode.c.objc; path = main.m; sourceTree = "<group>"; };
		A39A721415A8207A00F180C7 /* LUFoldableView-Prefix.pch */ = {isa = PBXFileReference; lastKnownFileType = sourcecode.c.h; path = "LUFoldableView-Prefix.pch"; sourceTree = "<group>"; };
		A39A721515A8207A00F180C7 /* AppDelegate.h */ = {isa = PBXFileReference; lastKnownFileType = sourcecode.c.h; path = AppDelegate.h; sourceTree = "<group>"; };
		A39A721615A8207A00F180C7 /* AppDelegate.m */ = {isa = PBXFileReference; lastKnownFileType = sourcecode.c.objc; path = AppDelegate.m; sourceTree = "<group>"; };
		A39A721815A8207A00F180C7 /* ViewController.h */ = {isa = PBXFileReference; lastKnownFileType = sourcecode.c.h; path = ViewController.h; sourceTree = "<group>"; };
		A39A721915A8207A00F180C7 /* ViewController.m */ = {isa = PBXFileReference; lastKnownFileType = sourcecode.c.objc; path = ViewController.m; sourceTree = "<group>"; };
		A39A721C15A8207A00F180C7 /* en */ = {isa = PBXFileReference; lastKnownFileType = file.xib; name = en; path = en.lproj/ViewController.xib; sourceTree = "<group>"; };
		A39A722515A820CA00F180C7 /* LUFoldableView.h */ = {isa = PBXFileReference; fileEncoding = 4; lastKnownFileType = sourcecode.c.h; path = LUFoldableView.h; sourceTree = "<group>"; };
		A39A722615A820CA00F180C7 /* LUFoldableView.m */ = {isa = PBXFileReference; fileEncoding = 4; lastKnownFileType = sourcecode.c.objc; path = LUFoldableView.m; sourceTree = "<group>"; };
		A39A722715A820CA00F180C7 /* LUFoldSegmentLayer.h */ = {isa = PBXFileReference; fileEncoding = 4; lastKnownFileType = sourcecode.c.h; path = LUFoldSegmentLayer.h; sourceTree = "<group>"; };
		A39A722815A820CA00F180C7 /* LUFoldSegmentLayer.m */ = {isa = PBXFileReference; fileEncoding = 4; lastKnownFileType = sourcecode.c.objc; path = LUFoldSegmentLayer.m; sourceTree = "<group>"; };
		A39A722915A820CA00F180C7 /* LUImageHelper.h */ = {isa = PBXFileReference; fileEncoding = 4; lastKnownFileType = sourcecode.c.h; path = LUImageHelper.h; sourceTree = "<group>"; };
		A39A722A15A820CA00F180C7 /* LUImageHelper.m */ = {isa = PBXFileReference; fileEncoding = 4; lastKnownFileType = sourcecode.c.objc; path = LUImageHelper.m; sourceTree = "<group>"; };
		A39A723215A8232900F180C7 /* QuartzCore.framework */ = {isa = PBXFileReference; lastKnownFileType = wrapper.framework; name = QuartzCore.framework; path = System/Library/Frameworks/QuartzCore.framework; sourceTree = SDKROOT; };
		A39A723815A8266A00F180C7 /* 2.png */ = {isa = PBXFileReference; lastKnownFileType = image.png; path = 2.png; sourceTree = "<group>"; };
		A39A723915A8266A00F180C7 /* 1.png */ = {isa = PBXFileReference; lastKnownFileType = image.png; path = 1.png; sourceTree = "<group>"; };
		A39A723C15A8274000F180C7 /* folding.png */ = {isa = PBXFileReference; lastKnownFileType = image.png; path = folding.png; sourceTree = "<group>"; };
/* End PBXFileReference section */

/* Begin PBXFrameworksBuildPhase section */
		A39A71FF15A8207A00F180C7 /* Frameworks */ = {
			isa = PBXFrameworksBuildPhase;
			buildActionMask = 2147483647;
			files = (
				A39A723315A8232900F180C7 /* QuartzCore.framework in Frameworks */,
				A39A720715A8207A00F180C7 /* UIKit.framework in Frameworks */,
				A39A720915A8207A00F180C7 /* Foundation.framework in Frameworks */,
				A39A720B15A8207A00F180C7 /* CoreGraphics.framework in Frameworks */,
			);
			runOnlyForDeploymentPostprocessing = 0;
		};
/* End PBXFrameworksBuildPhase section */

/* Begin PBXGroup section */
		A39A71F715A8207A00F180C7 = {
			isa = PBXGroup;
			children = (
				A39A723215A8232900F180C7 /* QuartzCore.framework */,
				A39A720C15A8207A00F180C7 /* LUFoldableView */,
				A39A720515A8207A00F180C7 /* Frameworks */,
				A39A720315A8207A00F180C7 /* Products */,
			);
			sourceTree = "<group>";
		};
		A39A720315A8207A00F180C7 /* Products */ = {
			isa = PBXGroup;
			children = (
				A39A720215A8207A00F180C7 /* LUFoldableView.app */,
			);
			name = Products;
			sourceTree = "<group>";
		};
		A39A720515A8207A00F180C7 /* Frameworks */ = {
			isa = PBXGroup;
			children = (
				A39A720615A8207A00F180C7 /* UIKit.framework */,
				A39A720815A8207A00F180C7 /* Foundation.framework */,
				A39A720A15A8207A00F180C7 /* CoreGraphics.framework */,
			);
			name = Frameworks;
			sourceTree = "<group>";
		};
		A39A720C15A8207A00F180C7 /* LUFoldableView */ = {
			isa = PBXGroup;
			children = (
				A39A722415A820CA00F180C7 /* LUFoldableView */,
				A39A721515A8207A00F180C7 /* AppDelegate.h */,
				A39A721615A8207A00F180C7 /* AppDelegate.m */,
				A39A721815A8207A00F180C7 /* ViewController.h */,
				A39A721915A8207A00F180C7 /* ViewController.m */,
				A39A721B15A8207A00F180C7 /* ViewController.xib */,
				A39A720D15A8207A00F180C7 /* Supporting Files */,
			);
			path = LUFoldableView;
			sourceTree = "<group>";
		};
		A39A720D15A8207A00F180C7 /* Supporting Files */ = {
			isa = PBXGroup;
			children = (
				A39A723C15A8274000F180C7 /* folding.png */,
				A39A723815A8266A00F180C7 /* 2.png */,
				A39A723915A8266A00F180C7 /* 1.png */,
				A39A720E15A8207A00F180C7 /* LUFoldableView-Info.plist */,
				A39A720F15A8207A00F180C7 /* InfoPlist.strings */,
				A39A721215A8207A00F180C7 /* main.m */,
				A39A721415A8207A00F180C7 /* LUFoldableView-Prefix.pch */,
			);
			name = "Supporting Files";
			sourceTree = "<group>";
		};
		A39A722415A820CA00F180C7 /* LUFoldableView */ = {
			isa = PBXGroup;
			children = (
				A39A722515A820CA00F180C7 /* LUFoldableView.h */,
				A39A722615A820CA00F180C7 /* LUFoldableView.m */,
				A39A722715A820CA00F180C7 /* LUFoldSegmentLayer.h */,
				A39A722815A820CA00F180C7 /* LUFoldSegmentLayer.m */,
				A39A722915A820CA00F180C7 /* LUImageHelper.h */,
				A39A722A15A820CA00F180C7 /* LUImageHelper.m */,
			);
			path = LUFoldableView;
			sourceTree = "<group>";
		};
/* End PBXGroup section */

/* Begin PBXNativeTarget section */
		A39A720115A8207A00F180C7 /* LUFoldableView */ = {
			isa = PBXNativeTarget;
			buildConfigurationList = A39A722015A8207A00F180C7 /* Build configuration list for PBXNativeTarget "LUFoldableView" */;
			buildPhases = (
				A39A71FE15A8207A00F180C7 /* Sources */,
				A39A71FF15A8207A00F180C7 /* Frameworks */,
				A39A720015A8207A00F180C7 /* Resources */,
			);
			buildRules = (
			);
			dependencies = (
			);
			name = LUFoldableView;
			productName = LUFoldableView;
			productReference = A39A720215A8207A00F180C7 /* LUFoldableView.app */;
			productType = "com.apple.product-type.application";
		};
/* End PBXNativeTarget section */

/* Begin PBXProject section */
		A39A71F915A8207A00F180C7 /* Project object */ = {
			isa = PBXProject;
			attributes = {
				LastUpgradeCheck = 0430;
			};
			buildConfigurationList = A39A71FC15A8207A00F180C7 /* Build configuration list for PBXProject "LUFoldableView" */;
			compatibilityVersion = "Xcode 3.2";
			developmentRegion = English;
			hasScannedForEncodings = 0;
			knownRegions = (
				en,
			);
			mainGroup = A39A71F715A8207A00F180C7;
			productRefGroup = A39A720315A8207A00F180C7 /* Products */;
			projectDirPath = "";
			projectRoot = "";
			targets = (
				A39A720115A8207A00F180C7 /* LUFoldableView */,
			);
		};
/* End PBXProject section */

/* Begin PBXResourcesBuildPhase section */
		A39A720015A8207A00F180C7 /* Resources */ = {
			isa = PBXResourcesBuildPhase;
			buildActionMask = 2147483647;
			files = (
				A39A721115A8207A00F180C7 /* InfoPlist.strings in Resources */,
				A39A721D15A8207A00F180C7 /* ViewController.xib in Resources */,
				A39A723A15A8266A00F180C7 /* 2.png in Resources */,
				A39A723B15A8266A00F180C7 /* 1.png in Resources */,
				A39A723D15A8274000F180C7 /* folding.png in Resources */,
			);
			runOnlyForDeploymentPostprocessing = 0;
		};
/* End PBXResourcesBuildPhase section */

/* Begin PBXSourcesBuildPhase section */
		A39A71FE15A8207A00F180C7 /* Sources */ = {
			isa = PBXSourcesBuildPhase;
			buildActionMask = 2147483647;
			files = (
				A39A721315A8207A00F180C7 /* main.m in Sources */,
				A39A721715A8207A00F180C7 /* AppDelegate.m in Sources */,
				A39A721A15A8207A00F180C7 /* ViewController.m in Sources */,
				A39A722B15A820CA00F180C7 /* LUFoldableView.m in Sources */,
				A39A722C15A820CA00F180C7 /* LUFoldSegmentLayer.m in Sources */,
				A39A722D15A820CA00F180C7 /* LUImageHelper.m in Sources */,
			);
			runOnlyForDeploymentPostprocessing = 0;
		};
/* End PBXSourcesBuildPhase section */

/* Begin PBXVariantGroup section */
		A39A720F15A8207A00F180C7 /* InfoPlist.strings */ = {
			isa = PBXVariantGroup;
			children = (
				A39A721015A8207A00F180C7 /* en */,
			);
			name = InfoPlist.strings;
			sourceTree = "<group>";
		};
		A39A721B15A8207A00F180C7 /* ViewController.xib */ = {
			isa = PBXVariantGroup;
			children = (
				A39A721C15A8207A00F180C7 /* en */,
			);
			name = ViewController.xib;
			sourceTree = "<group>";
		};
/* End PBXVariantGroup section */

/* Begin XCBuildConfiguration section */
		A39A721E15A8207A00F180C7 /* Debug */ = {
			isa = XCBuildConfiguration;
			buildSettings = {
				ALWAYS_SEARCH_USER_PATHS = NO;
				ARCHS = "$(ARCHS_STANDARD_32_BIT)";
				"CODE_SIGN_IDENTITY[sdk=iphoneos*]" = "iPhone Developer";
				COPY_PHASE_STRIP = NO;
				GCC_C_LANGUAGE_STANDARD = gnu99;
				GCC_DYNAMIC_NO_PIC = NO;
				GCC_OPTIMIZATION_LEVEL = 0;
				GCC_PREPROCESSOR_DEFINITIONS = (
					"DEBUG=1",
					"$(inherited)",
				);
				GCC_SYMBOLS_PRIVATE_EXTERN = NO;
				GCC_VERSION = com.apple.compilers.llvm.clang.1_0;
				GCC_WARN_ABOUT_RETURN_TYPE = YES;
				GCC_WARN_UNINITIALIZED_AUTOS = YES;
				GCC_WARN_UNUSED_VARIABLE = YES;
				IPHONEOS_DEPLOYMENT_TARGET = 5.1;
				SDKROOT = iphoneos;
			};
			name = Debug;
		};
		A39A721F15A8207A00F180C7 /* Release */ = {
			isa = XCBuildConfiguration;
			buildSettings = {
				ALWAYS_SEARCH_USER_PATHS = NO;
				ARCHS = "$(ARCHS_STANDARD_32_BIT)";
				"CODE_SIGN_IDENTITY[sdk=iphoneos*]" = "iPhone Developer";
				COPY_PHASE_STRIP = YES;
				GCC_C_LANGUAGE_STANDARD = gnu99;
				GCC_VERSION = com.apple.compilers.llvm.clang.1_0;
				GCC_WARN_ABOUT_RETURN_TYPE = YES;
				GCC_WARN_UNINITIALIZED_AUTOS = YES;
				GCC_WARN_UNUSED_VARIABLE = YES;
				IPHONEOS_DEPLOYMENT_TARGET = 5.1;
				OTHER_CFLAGS = "-DNS_BLOCK_ASSERTIONS=1";
				SDKROOT = iphoneos;
				VALIDATE_PRODUCT = YES;
			};
			name = Release;
		};
		A39A722115A8207A00F180C7 /* Debug */ = {
			isa = XCBuildConfiguration;
			buildSettings = {
				GCC_PRECOMPILE_PREFIX_HEADER = YES;
				GCC_PREFIX_HEADER = "LUFoldableView/LUFoldableView-Prefix.pch";
				INFOPLIST_FILE = "LUFoldableView/LUFoldableView-Info.plist";
				PRODUCT_NAME = "$(TARGET_NAME)";
				WRAPPER_EXTENSION = app;
			};
			name = Debug;
		};
		A39A722215A8207A00F180C7 /* Release */ = {
			isa = XCBuildConfiguration;
			buildSettings = {
				GCC_PRECOMPILE_PREFIX_HEADER = YES;
				GCC_PREFIX_HEADER = "LUFoldableView/LUFoldableView-Prefix.pch";
				INFOPLIST_FILE = "LUFoldableView/LUFoldableView-Info.plist";
				PRODUCT_NAME = "$(TARGET_NAME)";
				WRAPPER_EXTENSION = app;
			};
			name = Release;
		};
/* End XCBuildConfiguration section */

/* Begin XCConfigurationList section */
		A39A71FC15A8207A00F180C7 /* Build configuration list for PBXProject "LUFoldableView" */ = {
			isa = XCConfigurationList;
			buildConfigurations = (
				A39A721E15A8207A00F180C7 /* Debug */,
				A39A721F15A8207A00F180C7 /* Release */,
			);
			defaultConfigurationIsVisible = 0;
			defaultConfigurationName = Release;
		};
		A39A722015A8207A00F180C7 /* Build configuration list for PBXNativeTarget "LUFoldableView" */ = {
			isa = XCConfigurationList;
			buildConfigurations = (
				A39A722115A8207A00F180C7 /* Debug */,
				A39A722215A8207A00F180C7 /* Release */,
			);
			defaultConfigurationIsVisible = 0;
		};
/* End XCConfigurationList section */
	};
	rootObject = A39A71F915A8207A00F180C7 /* Project object */;
}
